lockfileVersion: 5.4

importers:

  .:
    specifiers: {}

  pkg/dialect:
    specifiers:
      ohm-js: ^16.4.0
      typescript: ^4.9.3
    dependencies:
      ohm-js: 16.4.0
      typescript: 4.9.3

  pkg/example:
    specifiers:
      '@vlcn.io/wa-crsqlite': ^0.4.1
      composed-sql: workspace:*
      typescript: ^4.9.3
    dependencies:
      '@vlcn.io/wa-crsqlite': 0.4.1
      composed-sql: link:../dialect
    devDependencies:
      typescript: 4.9.3

packages:

  /@vlcn.io/wa-crsqlite/0.4.1:
    resolution: {integrity: sha512-7D7kiQTcYv0nCGbe6d0t+yp7UMvYx/n8DZtxgHbOgwpth7ktq/vpwBn5LZVtlia20PFJZtZ2a3BC19P6VawWyQ==}
    dependencies:
      '@vlcn.io/wa-sqlite': 0.11.1
      '@vlcn.io/xplat-api': 0.3.0
      comlink: 4.3.1
    dev: false

  /@vlcn.io/wa-sqlite/0.11.1:
    resolution: {integrity: sha512-gMfV+M8ayzsQJOT27Jg0VLe1QYrvcb53zE29l3YHrsb0A4qi2DuQNSZrsW7OCxS0we3Pbp55oYvCiaq60+qsSg==}
    dev: false

  /@vlcn.io/xplat-api/0.3.0:
    resolution: {integrity: sha512-lbga584TeG/f/v31Z+MDi4AU66G3PpB+2q3XZtOVCiaCRaB8OESgiw2kUbzrMFQ5OPm4Nyqz0+KeS62RRrT6+g==}
    dependencies:
      comlink: 4.3.1
    dev: false

  /comlink/4.3.1:
    resolution: {integrity: sha512-+YbhUdNrpBZggBAHWcgQMLPLH1KDF3wJpeqrCKieWQ8RL7atmgsgTQko1XEBK6PsecfopWNntopJ+ByYG1lRaA==}
    dev: false

  /ohm-js/16.4.0:
    resolution: {integrity: sha512-u1QI5h2w29I4838+/m32rzqfNNH1Qej9L6O1MTZZMx7bVOu09orc/TO0HRVeYh5jStieZ3INszM7oqbCdx2x7A==}
    engines: {node: '>=0.12.1'}
    dev: false

  /typescript/4.9.3:
    resolution: {integrity: sha512-CIfGzTelbKNEnLpLdGFgdyKhG23CKdKgQPOBc+OUNrkJ2vr+KSzsSV5kq5iWhEQbok+quxgGzrAtGWCyU7tHnA==}
    engines: {node: '>=4.2.0'}
    hasBin: true
